
Microsoft Visual Studio Solution File, Format Version 12.00
# Visual Studio Version 17
VisualStudioVersion = 17.0.31903.59
MinimumVisualStudioVersion = 10.0.40219.1
Project("{2150E333-8FDC-42A3-9474-1A3956D46DE8}") = "src", "src", "{827E0CD3-B72D-47B6-A68D-7590B98EB39B}"
EndProject
Project("{FAE04EC0-301F-11D3-BF4B-00C04F79EFBC}") = "MutationAgentWorkflow.Console", "src\MutationAgentWorkflow.Console\MutationAgentWorkflow.Console.csproj", "{9AAAFDA8-887E-4785-93E4-556906D8872C}"
EndProject
Project("{FAE04EC0-301F-11D3-BF4B-00C04F79EFBC}") = "MutationAgentWorkflow.Core", "src\MutationAgentWorkflow.Core\MutationAgentWorkflow.Core.csproj", "{B69FE990-33A9-4367-9023-811BE3DC6313}"
EndProject
Project("{FAE04EC0-301F-11D3-BF4B-00C04F79EFBC}") = "MutationAgentWorkflow.Agents", "src\MutationAgentWorkflow.Agents\MutationAgentWorkflow.Agents.csproj", "{0475E4A8-2A74-4A7C-B42A-658535312FE0}"
EndProject
Project("{FAE04EC0-301F-11D3-BF4B-00C04F79EFBC}") = "MutationAgentWorkflow.Tools", "src\MutationAgentWorkflow.Tools\MutationAgentWorkflow.Tools.csproj", "{CACA1705-5E44-4CBF-A0B8-8F0090433445}"
EndProject
Project("{FAE04EC0-301F-11D3-BF4B-00C04F79EFBC}") = "MutationAgentWorkflow.Sample", "src\MutationAgentWorkflow.Sample\MutationAgentWorkflow.Sample.csproj", "{D4E5F6A7-B8C9-4D5E-9F0A-1B2C3D4E5F6A}"
EndProject
Global
	GlobalSection(SolutionConfigurationPlatforms) = preSolution
		Debug|Any CPU = Debug|Any CPU
		Debug|x64 = Debug|x64
		Debug|x86 = Debug|x86
		Release|Any CPU = Release|Any CPU
		Release|x64 = Release|x64
		Release|x86 = Release|x86
	EndGlobalSection
	GlobalSection(ProjectConfigurationPlatforms) = postSolution
		{9AAAFDA8-887E-4785-93E4-556906D8872C}.Debug|Any CPU.ActiveCfg = Debug|Any CPU
		{9AAAFDA8-887E-4785-93E4-556906D8872C}.Debug|Any CPU.Build.0 = Debug|Any CPU
		{9AAAFDA8-887E-4785-93E4-556906D8872C}.Debug|x64.ActiveCfg = Debug|Any CPU
		{9AAAFDA8-887E-4785-93E4-556906D8872C}.Debug|x64.Build.0 = Debug|Any CPU
		{9AAAFDA8-887E-4785-93E4-556906D8872C}.Debug|x86.ActiveCfg = Debug|Any CPU
		{9AAAFDA8-887E-4785-93E4-556906D8872C}.Debug|x86.Build.0 = Debug|Any CPU
		{9AAAFDA8-887E-4785-93E4-556906D8872C}.Release|Any CPU.ActiveCfg = Release|Any CPU
		{9AAAFDA8-887E-4785-93E4-556906D8872C}.Release|Any CPU.Build.0 = Release|Any CPU
		{9AAAFDA8-887E-4785-93E4-556906D8872C}.Release|x64.ActiveCfg = Release|Any CPU
		{9AAAFDA8-887E-4785-93E4-556906D8872C}.Release|x64.Build.0 = Release|Any CPU
		{9AAAFDA8-887E-4785-93E4-556906D8872C}.Release|x86.ActiveCfg = Release|Any CPU
		{9AAAFDA8-887E-4785-93E4-556906D8872C}.Release|x86.Build.0 = Release|Any CPU
		{B69FE990-33A9-4367-9023-811BE3DC6313}.Debug|Any CPU.ActiveCfg = Debug|Any CPU
		{B69FE990-33A9-4367-9023-811BE3DC6313}.Debug|Any CPU.Build.0 = Debug|Any CPU
		{B69FE990-33A9-4367-9023-811BE3DC6313}.Debug|x64.ActiveCfg = Debug|Any CPU
		{B69FE990-33A9-4367-9023-811BE3DC6313}.Debug|x64.Build.0 = Debug|Any CPU
		{B69FE990-33A9-4367-9023-811BE3DC6313}.Debug|x86.ActiveCfg = Debug|Any CPU
		{B69FE990-33A9-4367-9023-811BE3DC6313}.Debug|x86.Build.0 = Debug|Any CPU
		{B69FE990-33A9-4367-9023-811BE3DC6313}.Release|Any CPU.ActiveCfg = Release|Any CPU
		{B69FE990-33A9-4367-9023-811BE3DC6313}.Release|Any CPU.Build.0 = Release|Any CPU
		{B69FE990-33A9-4367-9023-811BE3DC6313}.Release|x64.ActiveCfg = Release|Any CPU
		{B69FE990-33A9-4367-9023-811BE3DC6313}.Release|x64.Build.0 = Release|Any CPU
		{B69FE990-33A9-4367-9023-811BE3DC6313}.Release|x86.ActiveCfg = Release|Any CPU
		{B69FE990-33A9-4367-9023-811BE3DC6313}.Release|x86.Build.0 = Release|Any CPU
		{0475E4A8-2A74-4A7C-B42A-658535312FE0}.Debug|Any CPU.ActiveCfg = Debug|Any CPU
		{0475E4A8-2A74-4A7C-B42A-658535312FE0}.Debug|Any CPU.Build.0 = Debug|Any CPU
		{0475E4A8-2A74-4A7C-B42A-658535312FE0}.Debug|x64.ActiveCfg = Debug|Any CPU
		{0475E4A8-2A74-4A7C-B42A-658535312FE0}.Debug|x64.Build.0 = Debug|Any CPU
		{0475E4A8-2A74-4A7C-B42A-658535312FE0}.Debug|x86.ActiveCfg = Debug|Any CPU
		{0475E4A8-2A74-4A7C-B42A-658535312FE0}.Debug|x86.Build.0 = Debug|Any CPU
		{0475E4A8-2A74-4A7C-B42A-658535312FE0}.Release|Any CPU.ActiveCfg = Release|Any CPU
		{0475E4A8-2A74-4A7C-B42A-658535312FE0}.Release|Any CPU.Build.0 = Release|Any CPU
		{0475E4A8-2A74-4A7C-B42A-658535312FE0}.Release|x64.ActiveCfg = Release|Any CPU
		{0475E4A8-2A74-4A7C-B42A-658535312FE0}.Release|x64.Build.0 = Release|Any CPU
		{0475E4A8-2A74-4A7C-B42A-658535312FE0}.Release|x86.ActiveCfg = Release|Any CPU
		{0475E4A8-2A74-4A7C-B42A-658535312FE0}.Release|x86.Build.0 = Release|Any CPU
		{CACA1705-5E44-4CBF-A0B8-8F0090433445}.Debug|Any CPU.ActiveCfg = Debug|Any CPU
		{CACA1705-5E44-4CBF-A0B8-8F0090433445}.Debug|Any CPU.Build.0 = Debug|Any CPU
		{CACA1705-5E44-4CBF-A0B8-8F0090433445}.Debug|x64.ActiveCfg = Debug|Any CPU
		{CACA1705-5E44-4CBF-A0B8-8F0090433445}.Debug|x64.Build.0 = Debug|Any CPU
		{CACA1705-5E44-4CBF-A0B8-8F0090433445}.Debug|x86.ActiveCfg = Debug|Any CPU
		{CACA1705-5E44-4CBF-A0B8-8F0090433445}.Debug|x86.Build.0 = Debug|Any CPU
		{CACA1705-5E44-4CBF-A0B8-8F0090433445}.Release|Any CPU.ActiveCfg = Release|Any CPU
		{CACA1705-5E44-4CBF-A0B8-8F0090433445}.Release|Any CPU.Build.0 = Release|Any CPU
		{CACA1705-5E44-4CBF-A0B8-8F0090433445}.Release|x64.ActiveCfg = Release|Any CPU
		{CACA1705-5E44-4CBF-A0B8-8F0090433445}.Release|x64.Build.0 = Release|Any CPU
		{CACA1705-5E44-4CBF-A0B8-8F0090433445}.Release|x86.ActiveCfg = Release|Any CPU
		{CACA1705-5E44-4CBF-A0B8-8F0090433445}.Release|x86.Build.0 = Release|Any CPU
		{D4E5F6A7-B8C9-4D5E-9F0A-1B2C3D4E5F6A}.Debug|Any CPU.ActiveCfg = Debug|Any CPU
		{D4E5F6A7-B8C9-4D5E-9F0A-1B2C3D4E5F6A}.Debug|Any CPU.Build.0 = Debug|Any CPU
		{D4E5F6A7-B8C9-4D5E-9F0A-1B2C3D4E5F6A}.Debug|x64.ActiveCfg = Debug|Any CPU
		{D4E5F6A7-B8C9-4D5E-9F0A-1B2C3D4E5F6A}.Debug|x64.Build.0 = Debug|Any CPU
		{D4E5F6A7-B8C9-4D5E-9F0A-1B2C3D4E5F6A}.Debug|x86.ActiveCfg = Debug|Any CPU
		{D4E5F6A7-B8C9-4D5E-9F0A-1B2C3D4E5F6A}.Debug|x86.Build.0 = Debug|Any CPU
		{D4E5F6A7-B8C9-4D5E-9F0A-1B2C3D4E5F6A}.Release|Any CPU.ActiveCfg = Release|Any CPU
		{D4E5F6A7-B8C9-4D5E-9F0A-1B2C3D4E5F6A}.Release|Any CPU.Build.0 = Release|Any CPU
		{D4E5F6A7-B8C9-4D5E-9F0A-1B2C3D4E5F6A}.Release|x64.ActiveCfg = Release|Any CPU
		{D4E5F6A7-B8C9-4D5E-9F0A-1B2C3D4E5F6A}.Release|x64.Build.0 = Release|Any CPU
		{D4E5F6A7-B8C9-4D5E-9F0A-1B2C3D4E5F6A}.Release|x86.ActiveCfg = Release|Any CPU
		{D4E5F6A7-B8C9-4D5E-9F0A-1B2C3D4E5F6A}.Release|x86.Build.0 = Release|Any CPU
	EndGlobalSection
	GlobalSection(SolutionProperties) = preSolution
		HideSolutionNode = FALSE
	EndGlobalSection
	GlobalSection(NestedProjects) = preSolution
		{9AAAFDA8-887E-4785-93E4-556906D8872C} = {827E0CD3-B72D-47B6-A68D-7590B98EB39B}
		{B69FE990-33A9-4367-9023-811BE3DC6313} = {827E0CD3-B72D-47B6-A68D-7590B98EB39B}
		{0475E4A8-2A74-4A7C-B42A-658535312FE0} = {827E0CD3-B72D-47B6-A68D-7590B98EB39B}
		{CACA1705-5E44-4CBF-A0B8-8F0090433445} = {827E0CD3-B72D-47B6-A68D-7590B98EB39B}
		{D4E5F6A7-B8C9-4D5E-9F0A-1B2C3D4E5F6A} = {827E0CD3-B72D-47B6-A68D-7590B98EB39B}
	EndGlobalSection
EndGlobal
